
Microsoft Visual Studio Solution File, Format Version 12.00
# Visual Studio Version 17
VisualStudioVersion = 17.13.35931.197 d17.13
MinimumVisualStudioVersion = 10.0.40219.1
Project("{FAE04EC0-301F-11D3-BF4B-00C04F79EFBC}") = "Swinburne_OOP_HD", "Swinburne_OOP_HD.csproj", "{21DE31ED-34BA-02AB-38EB-BEB53F795CA9}"
EndProject
Global
	GlobalSection(SolutionConfigurationPlatforms) = preSolution
		Debug|Any CPU = Debug|Any CPU
		Release|Any CPU = Release|Any CPU
	EndGlobalSection
	GlobalSection(ProjectConfigurationPlatforms) = postSolution
		{21DE31ED-34BA-02AB-38EB-BEB53F795CA9}.Debug|Any CPU.ActiveCfg = Debug|Any CPU
		{21DE31ED-34BA-02AB-38EB-BEB53F795CA9}.Debug|Any CPU.Build.0 = Debug|Any CPU
		{21DE31ED-34BA-02AB-38EB-BEB53F795CA9}.Release|Any CPU.ActiveCfg = Release|Any CPU
		{21DE31ED-34BA-02AB-38EB-BEB53F795CA9}.Release|Any CPU.Build.0 = Release|Any CPU
	EndGlobalSection
	GlobalSection(SolutionProperties) = preSolution
		HideSolutionNode = FALSE
	EndGlobalSection
	GlobalSection(ExtensibilityGlobals) = postSolution
		SolutionGuid = {AB199385-EF39-413A-8071-2CD6EB24E908}
	EndGlobalSection
EndGlobal
